
Microsoft Visual Studio Solution File, Format Version 12.00
# Visual Studio Version 17
VisualStudioVersion = 17.0.31903.59
MinimumVisualStudioVersion = 10.0.40219.1
Project("{FAE04EC0-301F-11D3-BF4B-00C04F79EFBC}") = "ImageBytesContainer", "ImageBytesContainer\ImageBytesContainer.csproj", "{BE0709AA-743F-4B45-9F7A-45A04CB21240}"
EndProject
Project("{FAE04EC0-301F-11D3-BF4B-00C04F79EFBC}") = "ImageBytesContainer.CLI", "ImageBytesContainer.CLI\ImageBytesContainer.CLI.csproj", "{FC17DCC2-75A9-48AC-9A3B-7A78DBB462ED}"
EndProject
Global
	GlobalSection(SolutionConfigurationPlatforms) = preSolution
		Debug|Any CPU = Debug|Any CPU
		Release|Any CPU = Release|Any CPU
	EndGlobalSection
	GlobalSection(SolutionProperties) = preSolution
		HideSolutionNode = FALSE
	EndGlobalSection
	GlobalSection(ProjectConfigurationPlatforms) = postSolution
		{BE0709AA-743F-4B45-9F7A-45A04CB21240}.Debug|Any CPU.ActiveCfg = Debug|Any CPU
		{BE0709AA-743F-4B45-9F7A-45A04CB21240}.Debug|Any CPU.Build.0 = Debug|Any CPU
		{BE0709AA-743F-4B45-9F7A-45A04CB21240}.Release|Any CPU.ActiveCfg = Release|Any CPU
		{BE0709AA-743F-4B45-9F7A-45A04CB21240}.Release|Any CPU.Build.0 = Release|Any CPU
		{FC17DCC2-75A9-48AC-9A3B-7A78DBB462ED}.Debug|Any CPU.ActiveCfg = Debug|Any CPU
		{FC17DCC2-75A9-48AC-9A3B-7A78DBB462ED}.Debug|Any CPU.Build.0 = Debug|Any CPU
		{FC17DCC2-75A9-48AC-9A3B-7A78DBB462ED}.Release|Any CPU.ActiveCfg = Release|Any CPU
		{FC17DCC2-75A9-48AC-9A3B-7A78DBB462ED}.Release|Any CPU.Build.0 = Release|Any CPU
	EndGlobalSection
EndGlobal
